
Microsoft Visual Studio Solution File, Format Version 12.00
# Visual Studio Version 17
VisualStudioVersion = 17.7.34221.43
MinimumVisualStudioVersion = 10.0.40219.1
Project("{FAE04EC0-301F-11D3-BF4B-00C04F79EFBC}") = "readAndWriteFile", "readAndWriteFile.csproj", "{3B867FB4-93AB-47AF-9D49-5343F3C16143}"
EndProject
Global
	GlobalSection(SolutionConfigurationPlatforms) = preSolution
		Debug|Any CPU = Debug|Any CPU
		Release|Any CPU = Release|Any CPU
	EndGlobalSection
	GlobalSection(ProjectConfigurationPlatforms) = postSolution
		{3B867FB4-93AB-47AF-9D49-5343F3C16143}.Debug|Any CPU.ActiveCfg = Debug|Any CPU
		{3B867FB4-93AB-47AF-9D49-5343F3C16143}.Debug|Any CPU.Build.0 = Debug|Any CPU
		{3B867FB4-93AB-47AF-9D49-5343F3C16143}.Release|Any CPU.ActiveCfg = Release|Any CPU
		{3B867FB4-93AB-47AF-9D49-5343F3C16143}.Release|Any CPU.Build.0 = Release|Any CPU
	EndGlobalSection
	GlobalSection(SolutionProperties) = preSolution
		HideSolutionNode = FALSE
	EndGlobalSection
	GlobalSection(ExtensibilityGlobals) = postSolution
		SolutionGuid = {5B247384-2168-4E13-8154-3081F49E73B5}
	EndGlobalSection
EndGlobal
